
Microsoft Visual Studio Solution File, Format Version 12.00
# Visual Studio Version 17
VisualStudioVersion = 17.9.34728.123
MinimumVisualStudioVersion = 10.0.40219.1
Project("{2150E333-8FDC-42A3-9474-1A3956D46DE8}") = "src", "src", "{1A4A7718-D574-4A77-8F47-88464A33A228}"
EndProject
Project("{2150E333-8FDC-42A3-9474-1A3956D46DE8}") = "Api", "Api", "{C9842698-C573-447E-8291-6D6EE39C30BF}"
EndProject
Project("{2150E333-8FDC-42A3-9474-1A3956D46DE8}") = "Clients", "Clients", "{BE29E778-8713-4689-80B5-41742F9BEE90}"
EndProject
Project("{2150E333-8FDC-42A3-9474-1A3956D46DE8}") = "Common", "Common", "{0FD39F06-46CC-4126-B41C-87432FFC3691}"
EndProject
Project("{2150E333-8FDC-42A3-9474-1A3956D46DE8}") = "Projections", "Projections", "{D735F5AF-6C39-4AAB-B8FB-231F1768A2A7}"
EndProject
Project("{2150E333-8FDC-42A3-9474-1A3956D46DE8}") = "Core", "Core", "{76E1A076-60B4-433F-8437-53C3D13BB0C7}"
EndProject
Project("{2150E333-8FDC-42A3-9474-1A3956D46DE8}") = "Infrastructure", "Infrastructure", "{25779A31-57B9-4DFE-949B-73950B98320C}"
EndProject
Project("{2150E333-8FDC-42A3-9474-1A3956D46DE8}") = "WebApi", "WebApi", "{02ACF705-6F6C-49ED-8213-E4EEC10C88CF}"
EndProject
Project("{2150E333-8FDC-42A3-9474-1A3956D46DE8}") = "BlazorWeb", "BlazorWeb", "{60CB1962-5996-4B7F-8734-5097297E862E}"
EndProject
Project("{9A19103F-16F7-4668-BE54-9A1E7A4F7556}") = "SozlukApp.Common", "src\Common\SozlukApp.Common\SozlukApp.Common.csproj", "{DBFD0BFE-4ACE-4BAD-8B3A-2CF38989C06A}"
EndProject
Project("{9A19103F-16F7-4668-BE54-9A1E7A4F7556}") = "SozlukApp.Api.Domain", "src\Api\Core\SozlukApp.Api.Domain\SozlukApp.Api.Domain.csproj", "{A378148F-DA2C-424C-963C-6FA8FCD7B6FA}"
EndProject
Project("{9A19103F-16F7-4668-BE54-9A1E7A4F7556}") = "SozlukApp.Api.Application", "src\Api\Core\SozlukApp.Api.Application\SozlukApp.Api.Application.csproj", "{D508EEC9-9026-440C-8834-E17467FFBCBE}"
EndProject
Project("{9A19103F-16F7-4668-BE54-9A1E7A4F7556}") = "SozlukApp.Infrastructure.Persistence", "src\Api\Infrastructure\SozlukApp.Infrastructure.Persistence\SozlukApp.Infrastructure.Persistence.csproj", "{E0A08F24-22B6-488B-A8D3-9271AB056D0F}"
EndProject
Project("{9A19103F-16F7-4668-BE54-9A1E7A4F7556}") = "SozlukApp.Api.WebApi", "src\Api\WebApi\SozlukApp.Api.WebApi\SozlukApp.Api.WebApi.csproj", "{722ED924-AB9E-491F-A933-7DC29D04A90C}"
EndProject
Project("{9A19103F-16F7-4668-BE54-9A1E7A4F7556}") = "SozlukApp.Projections.FavoriteService", "src\Projections\SozlukApp.Projections.FavoriteService\SozlukApp.Projections.FavoriteService.csproj", "{D89EE631-2B96-4A53-87B6-5CB3CFFAB481}"
EndProject
Project("{9A19103F-16F7-4668-BE54-9A1E7A4F7556}") = "SozlukApp.Projections.UserService", "src\Projections\SozlukApp.Projections.User\SozlukApp.Projections.UserService.csproj", "{839294E9-977F-4FEC-93C9-DCFBBBD31B48}"
EndProject
Project("{9A19103F-16F7-4668-BE54-9A1E7A4F7556}") = "SozlukApp.Projections.VoteService", "src\Projections\SozlukApp.Projections.VoteService\SozlukApp.Projections.VoteService.csproj", "{88305C4E-6B1F-46FE-A52B-65F920063168}"
EndProject
Project("{9A19103F-16F7-4668-BE54-9A1E7A4F7556}") = "SozlukApp.WebApp", "src\Clients\BlazorWeb\SozlukApp.WebApp\SozlukApp.WebApp.csproj", "{9F1BEC03-EA68-4C0B-90C2-CDFC391CD351}"
EndProject
Global
	GlobalSection(SolutionConfigurationPlatforms) = preSolution
		Debug|Any CPU = Debug|Any CPU
		Release|Any CPU = Release|Any CPU
	EndGlobalSection
	GlobalSection(ProjectConfigurationPlatforms) = postSolution
		{DBFD0BFE-4ACE-4BAD-8B3A-2CF38989C06A}.Debug|Any CPU.ActiveCfg = Debug|Any CPU
		{DBFD0BFE-4ACE-4BAD-8B3A-2CF38989C06A}.Debug|Any CPU.Build.0 = Debug|Any CPU
		{DBFD0BFE-4ACE-4BAD-8B3A-2CF38989C06A}.Release|Any CPU.ActiveCfg = Release|Any CPU
		{DBFD0BFE-4ACE-4BAD-8B3A-2CF38989C06A}.Release|Any CPU.Build.0 = Release|Any CPU
		{A378148F-DA2C-424C-963C-6FA8FCD7B6FA}.Debug|Any CPU.ActiveCfg = Debug|Any CPU
		{A378148F-DA2C-424C-963C-6FA8FCD7B6FA}.Debug|Any CPU.Build.0 = Debug|Any CPU
		{A378148F-DA2C-424C-963C-6FA8FCD7B6FA}.Release|Any CPU.ActiveCfg = Release|Any CPU
		{A378148F-DA2C-424C-963C-6FA8FCD7B6FA}.Release|Any CPU.Build.0 = Release|Any CPU
		{D508EEC9-9026-440C-8834-E17467FFBCBE}.Debug|Any CPU.ActiveCfg = Debug|Any CPU
		{D508EEC9-9026-440C-8834-E17467FFBCBE}.Debug|Any CPU.Build.0 = Debug|Any CPU
		{D508EEC9-9026-440C-8834-E17467FFBCBE}.Release|Any CPU.ActiveCfg = Release|Any CPU
		{D508EEC9-9026-440C-8834-E17467FFBCBE}.Release|Any CPU.Build.0 = Release|Any CPU
		{E0A08F24-22B6-488B-A8D3-9271AB056D0F}.Debug|Any CPU.ActiveCfg = Debug|Any CPU
		{E0A08F24-22B6-488B-A8D3-9271AB056D0F}.Debug|Any CPU.Build.0 = Debug|Any CPU
		{E0A08F24-22B6-488B-A8D3-9271AB056D0F}.Release|Any CPU.ActiveCfg = Release|Any CPU
		{E0A08F24-22B6-488B-A8D3-9271AB056D0F}.Release|Any CPU.Build.0 = Release|Any CPU
		{722ED924-AB9E-491F-A933-7DC29D04A90C}.Debug|Any CPU.ActiveCfg = Debug|Any CPU
		{722ED924-AB9E-491F-A933-7DC29D04A90C}.Debug|Any CPU.Build.0 = Debug|Any CPU
		{722ED924-AB9E-491F-A933-7DC29D04A90C}.Release|Any CPU.ActiveCfg = Release|Any CPU
		{722ED924-AB9E-491F-A933-7DC29D04A90C}.Release|Any CPU.Build.0 = Release|Any CPU
		{D89EE631-2B96-4A53-87B6-5CB3CFFAB481}.Debug|Any CPU.ActiveCfg = Debug|Any CPU
		{D89EE631-2B96-4A53-87B6-5CB3CFFAB481}.Debug|Any CPU.Build.0 = Debug|Any CPU
		{D89EE631-2B96-4A53-87B6-5CB3CFFAB481}.Release|Any CPU.ActiveCfg = Release|Any CPU
		{D89EE631-2B96-4A53-87B6-5CB3CFFAB481}.Release|Any CPU.Build.0 = Release|Any CPU
		{839294E9-977F-4FEC-93C9-DCFBBBD31B48}.Debug|Any CPU.ActiveCfg = Debug|Any CPU
		{839294E9-977F-4FEC-93C9-DCFBBBD31B48}.Debug|Any CPU.Build.0 = Debug|Any CPU
		{839294E9-977F-4FEC-93C9-DCFBBBD31B48}.Release|Any CPU.ActiveCfg = Release|Any CPU
		{839294E9-977F-4FEC-93C9-DCFBBBD31B48}.Release|Any CPU.Build.0 = Release|Any CPU
		{88305C4E-6B1F-46FE-A52B-65F920063168}.Debug|Any CPU.ActiveCfg = Debug|Any CPU
		{88305C4E-6B1F-46FE-A52B-65F920063168}.Debug|Any CPU.Build.0 = Debug|Any CPU
		{88305C4E-6B1F-46FE-A52B-65F920063168}.Release|Any CPU.ActiveCfg = Release|Any CPU
		{88305C4E-6B1F-46FE-A52B-65F920063168}.Release|Any CPU.Build.0 = Release|Any CPU
		{9F1BEC03-EA68-4C0B-90C2-CDFC391CD351}.Debug|Any CPU.ActiveCfg = Debug|Any CPU
		{9F1BEC03-EA68-4C0B-90C2-CDFC391CD351}.Debug|Any CPU.Build.0 = Debug|Any CPU
		{9F1BEC03-EA68-4C0B-90C2-CDFC391CD351}.Release|Any CPU.ActiveCfg = Release|Any CPU
		{9F1BEC03-EA68-4C0B-90C2-CDFC391CD351}.Release|Any CPU.Build.0 = Release|Any CPU
	EndGlobalSection
	GlobalSection(SolutionProperties) = preSolution
		HideSolutionNode = FALSE
	EndGlobalSection
	GlobalSection(NestedProjects) = preSolution
		{C9842698-C573-447E-8291-6D6EE39C30BF} = {1A4A7718-D574-4A77-8F47-88464A33A228}
		{BE29E778-8713-4689-80B5-41742F9BEE90} = {1A4A7718-D574-4A77-8F47-88464A33A228}
		{0FD39F06-46CC-4126-B41C-87432FFC3691} = {1A4A7718-D574-4A77-8F47-88464A33A228}
		{D735F5AF-6C39-4AAB-B8FB-231F1768A2A7} = {1A4A7718-D574-4A77-8F47-88464A33A228}
		{76E1A076-60B4-433F-8437-53C3D13BB0C7} = {C9842698-C573-447E-8291-6D6EE39C30BF}
		{25779A31-57B9-4DFE-949B-73950B98320C} = {C9842698-C573-447E-8291-6D6EE39C30BF}
		{02ACF705-6F6C-49ED-8213-E4EEC10C88CF} = {C9842698-C573-447E-8291-6D6EE39C30BF}
		{60CB1962-5996-4B7F-8734-5097297E862E} = {BE29E778-8713-4689-80B5-41742F9BEE90}
		{DBFD0BFE-4ACE-4BAD-8B3A-2CF38989C06A} = {0FD39F06-46CC-4126-B41C-87432FFC3691}
		{A378148F-DA2C-424C-963C-6FA8FCD7B6FA} = {76E1A076-60B4-433F-8437-53C3D13BB0C7}
		{D508EEC9-9026-440C-8834-E17467FFBCBE} = {76E1A076-60B4-433F-8437-53C3D13BB0C7}
		{E0A08F24-22B6-488B-A8D3-9271AB056D0F} = {25779A31-57B9-4DFE-949B-73950B98320C}
		{722ED924-AB9E-491F-A933-7DC29D04A90C} = {02ACF705-6F6C-49ED-8213-E4EEC10C88CF}
		{D89EE631-2B96-4A53-87B6-5CB3CFFAB481} = {D735F5AF-6C39-4AAB-B8FB-231F1768A2A7}
		{839294E9-977F-4FEC-93C9-DCFBBBD31B48} = {D735F5AF-6C39-4AAB-B8FB-231F1768A2A7}
		{88305C4E-6B1F-46FE-A52B-65F920063168} = {D735F5AF-6C39-4AAB-B8FB-231F1768A2A7}
		{9F1BEC03-EA68-4C0B-90C2-CDFC391CD351} = {60CB1962-5996-4B7F-8734-5097297E862E}
	EndGlobalSection
	GlobalSection(ExtensibilityGlobals) = postSolution
		SolutionGuid = {868B1FA2-1C6D-4CDB-BF78-75203B314A15}
	EndGlobalSection
EndGlobal
